{
  "requires": true,
  "lockfileVersion": 1,
  "dependencies": {
    "moment": {
      "version": "2.22.2",
      "resolved": "https://registry.npmjs.org/moment/-/moment-2.22.2.tgz",
      "integrity": "sha1-PCV/mDn8DpP/UxSWMiOeuQeD/2Y="
    },
    "moment-timezone": {
      "version": "0.5.17",
      "resolved": "https://registry.npmjs.org/moment-timezone/-/moment-timezone-0.5.17.tgz",
      "integrity": "sha512-Y/JpVEWIOA9Gho4vO15MTnW1FCmHi3ypprrkUaxsZ1TKg3uqC8q/qMBjTddkHoiwwZN3qvZSr4zJP7x9V3LpXA==",
      "requires": {
        "moment": ">= 2.9.0"
      }
    },
    "react-moment": {
      "version": "0.7.6",
      "resolved": "https://registry.npmjs.org/react-moment/-/react-moment-0.7.6.tgz",
      "integrity": "sha512-mPD4nCLJMu/CUaTe5ZOTgtTQLj/yHFL1qNOD2XRUWc87Ol4CH7nFogaZXdGrT4eQ6whpspLf2q5//HKS8YyjiA=="
    }
  }
}
